{
  "name": "tender",
  "version": "0.3.0",
  "lockfileVersion": 1,
  "requires": true,
  "dependencies": {
    "@types/node": {
      "version": "7.0.10",
      "resolved": "https://registry.npmjs.org/@types/node/-/node-7.0.10.tgz",
      "integrity": "sha1-2GCrsYwbWLVSx8bNiyunrfZUb6M=",
      "dev": true
    },
    "typescript": {
      "version": "2.2.1",
      "resolved": "https://registry.npmjs.org/typescript/-/typescript-2.2.1.tgz",
      "integrity": "sha1-SGK2YrmIpMj/aRzHlpYi0k23auk=",
      "dev": true
    },
    "vscode-theme-generator": {
      "version": "0.2.0",
      "resolved": "https://registry.npmjs.org/vscode-theme-generator/-/vscode-theme-generator-0.2.0.tgz",
      "integrity": "sha512-20LLznqBU8RZIE9QqhFJiuijFV+LZYyJSDJY2UdpMAzSk1l0j4GJ9ICTnYhyzZfAfy5Qg22jO77NzlonVs0Hbg==",
      "dev": true
    }
  }
}
